
Microsoft Visual Studio Solution File, Format Version 12.00
# Visual Studio 15
VisualStudioVersion = 15.0.28307.539
MinimumVisualStudioVersion = 10.0.40219.1
Project("{FAE04EC0-301F-11D3-BF4B-00C04F79EFBC}") = "WpfApp1", "WpfApp1\WpfApp1.csproj", "{FFCAA616-21B7-4A69-AB59-DE6B86F9821F}"
EndProject
Global
	GlobalSection(SolutionConfigurationPlatforms) = preSolution
		Debug|Any CPU = Debug|Any CPU
		Release|Any CPU = Release|Any CPU
	EndGlobalSection
	GlobalSection(ProjectConfigurationPlatforms) = postSolution
		{FFCAA616-21B7-4A69-AB59-DE6B86F9821F}.Debug|Any CPU.ActiveCfg = Debug|Any CPU
		{FFCAA616-21B7-4A69-AB59-DE6B86F9821F}.Debug|Any CPU.Build.0 = Debug|Any CPU
		{FFCAA616-21B7-4A69-AB59-DE6B86F9821F}.Release|Any CPU.ActiveCfg = Release|Any CPU
		{FFCAA616-21B7-4A69-AB59-DE6B86F9821F}.Release|Any CPU.Build.0 = Release|Any CPU
	EndGlobalSection
	GlobalSection(SolutionProperties) = preSolution
		HideSolutionNode = FALSE
	EndGlobalSection
	GlobalSection(ExtensibilityGlobals) = postSolution
		SolutionGuid = {DC13D46D-9EF3-418F-BA7B-E820C0C8F5A1}
	EndGlobalSection
EndGlobal
